
Microsoft Visual Studio Solution File, Format Version 12.00
# Visual Studio 15
VisualStudioVersion = 15.0.26430.16
MinimumVisualStudioVersion = 10.0.40219.1
Project("{FAE04EC0-301F-11D3-BF4B-00C04F79EFBC}") = "App6.Android", "App6\App6.Android\App6.Android.csproj", "{A8742473-FCD3-4AA8-989F-081D0F2DA286}"
EndProject
Project("{FAE04EC0-301F-11D3-BF4B-00C04F79EFBC}") = "App6", "App6\App6\App6.csproj", "{6DAA7EEA-32A3-40B2-B2E9-03B9F5A9F857}"
EndProject
Global
	GlobalSection(SolutionConfigurationPlatforms) = preSolution
		Ad-Hoc|Any CPU = Ad-Hoc|Any CPU
		Ad-Hoc|iPhone = Ad-Hoc|iPhone
		Ad-Hoc|iPhoneSimulator = Ad-Hoc|iPhoneSimulator
		AppStore|Any CPU = AppStore|Any CPU
		AppStore|iPhone = AppStore|iPhone
		AppStore|iPhoneSimulator = AppStore|iPhoneSimulator
		Debug|Any CPU = Debug|Any CPU
		Debug|iPhone = Debug|iPhone
		Debug|iPhoneSimulator = Debug|iPhoneSimulator
		Release|Any CPU = Release|Any CPU
		Release|iPhone = Release|iPhone
		Release|iPhoneSimulator = Release|iPhoneSimulator
	EndGlobalSection
	GlobalSection(ProjectConfigurationPlatforms) = postSolution
		{A8742473-FCD3-4AA8-989F-081D0F2DA286}.Ad-Hoc|Any CPU.ActiveCfg = Release|Any CPU
		{A8742473-FCD3-4AA8-989F-081D0F2DA286}.Ad-Hoc|Any CPU.Build.0 = Release|Any CPU
		{A8742473-FCD3-4AA8-989F-081D0F2DA286}.Ad-Hoc|Any CPU.Deploy.0 = Release|Any CPU
		{A8742473-FCD3-4AA8-989F-081D0F2DA286}.Ad-Hoc|iPhone.ActiveCfg = Release|Any CPU
		{A8742473-FCD3-4AA8-989F-081D0F2DA286}.Ad-Hoc|iPhone.Build.0 = Release|Any CPU
		{A8742473-FCD3-4AA8-989F-081D0F2DA286}.Ad-Hoc|iPhone.Deploy.0 = Release|Any CPU
		{A8742473-FCD3-4AA8-989F-081D0F2DA286}.Ad-Hoc|iPhoneSimulator.ActiveCfg = Release|Any CPU
		{A8742473-FCD3-4AA8-989F-081D0F2DA286}.Ad-Hoc|iPhoneSimulator.Build.0 = Release|Any CPU
		{A8742473-FCD3-4AA8-989F-081D0F2DA286}.Ad-Hoc|iPhoneSimulator.Deploy.0 = Release|Any CPU
		{A8742473-FCD3-4AA8-989F-081D0F2DA286}.AppStore|Any CPU.ActiveCfg = Release|Any CPU
		{A8742473-FCD3-4AA8-989F-081D0F2DA286}.AppStore|Any CPU.Build.0 = Release|Any CPU
		{A8742473-FCD3-4AA8-989F-081D0F2DA286}.AppStore|Any CPU.Deploy.0 = Release|Any CPU
		{A8742473-FCD3-4AA8-989F-081D0F2DA286}.AppStore|iPhone.ActiveCfg = Release|Any CPU
		{A8742473-FCD3-4AA8-989F-081D0F2DA286}.AppStore|iPhone.Build.0 = Release|Any CPU
		{A8742473-FCD3-4AA8-989F-081D0F2DA286}.AppStore|iPhone.Deploy.0 = Release|Any CPU
		{A8742473-FCD3-4AA8-989F-081D0F2DA286}.AppStore|iPhoneSimulator.ActiveCfg = Release|Any CPU
		{A8742473-FCD3-4AA8-989F-081D0F2DA286}.AppStore|iPhoneSimulator.Build.0 = Release|Any CPU
		{A8742473-FCD3-4AA8-989F-081D0F2DA286}.AppStore|iPhoneSimulator.Deploy.0 = Release|Any CPU
		{A8742473-FCD3-4AA8-989F-081D0F2DA286}.Debug|Any CPU.ActiveCfg = Debug|Any CPU
		{A8742473-FCD3-4AA8-989F-081D0F2DA286}.Debug|Any CPU.Build.0 = Debug|Any CPU
		{A8742473-FCD3-4AA8-989F-081D0F2DA286}.Debug|Any CPU.Deploy.0 = Debug|Any CPU
		{A8742473-FCD3-4AA8-989F-081D0F2DA286}.Debug|iPhone.ActiveCfg = Debug|Any CPU
		{A8742473-FCD3-4AA8-989F-081D0F2DA286}.Debug|iPhone.Build.0 = Debug|Any CPU
		{A8742473-FCD3-4AA8-989F-081D0F2DA286}.Debug|iPhone.Deploy.0 = Debug|Any CPU
		{A8742473-FCD3-4AA8-989F-081D0F2DA286}.Debug|iPhoneSimulator.ActiveCfg = Debug|Any CPU
		{A8742473-FCD3-4AA8-989F-081D0F2DA286}.Debug|iPhoneSimulator.Build.0 = Debug|Any CPU
		{A8742473-FCD3-4AA8-989F-081D0F2DA286}.Debug|iPhoneSimulator.Deploy.0 = Debug|Any CPU
		{A8742473-FCD3-4AA8-989F-081D0F2DA286}.Release|Any CPU.ActiveCfg = Release|Any CPU
		{A8742473-FCD3-4AA8-989F-081D0F2DA286}.Release|Any CPU.Build.0 = Release|Any CPU
		{A8742473-FCD3-4AA8-989F-081D0F2DA286}.Release|Any CPU.Deploy.0 = Release|Any CPU
		{A8742473-FCD3-4AA8-989F-081D0F2DA286}.Release|iPhone.ActiveCfg = Release|Any CPU
		{A8742473-FCD3-4AA8-989F-081D0F2DA286}.Release|iPhone.Build.0 = Release|Any CPU
		{A8742473-FCD3-4AA8-989F-081D0F2DA286}.Release|iPhone.Deploy.0 = Release|Any CPU
		{A8742473-FCD3-4AA8-989F-081D0F2DA286}.Release|iPhoneSimulator.ActiveCfg = Release|Any CPU
		{A8742473-FCD3-4AA8-989F-081D0F2DA286}.Release|iPhoneSimulator.Build.0 = Release|Any CPU
		{A8742473-FCD3-4AA8-989F-081D0F2DA286}.Release|iPhoneSimulator.Deploy.0 = Release|Any CPU
		{6DAA7EEA-32A3-40B2-B2E9-03B9F5A9F857}.Ad-Hoc|Any CPU.ActiveCfg = Release|Any CPU
		{6DAA7EEA-32A3-40B2-B2E9-03B9F5A9F857}.Ad-Hoc|Any CPU.Build.0 = Release|Any CPU
		{6DAA7EEA-32A3-40B2-B2E9-03B9F5A9F857}.Ad-Hoc|iPhone.ActiveCfg = Release|Any CPU
		{6DAA7EEA-32A3-40B2-B2E9-03B9F5A9F857}.Ad-Hoc|iPhone.Build.0 = Release|Any CPU
		{6DAA7EEA-32A3-40B2-B2E9-03B9F5A9F857}.Ad-Hoc|iPhoneSimulator.ActiveCfg = Release|Any CPU
		{6DAA7EEA-32A3-40B2-B2E9-03B9F5A9F857}.Ad-Hoc|iPhoneSimulator.Build.0 = Release|Any CPU
		{6DAA7EEA-32A3-40B2-B2E9-03B9F5A9F857}.AppStore|Any CPU.ActiveCfg = Release|Any CPU
		{6DAA7EEA-32A3-40B2-B2E9-03B9F5A9F857}.AppStore|Any CPU.Build.0 = Release|Any CPU
		{6DAA7EEA-32A3-40B2-B2E9-03B9F5A9F857}.AppStore|iPhone.ActiveCfg = Release|Any CPU
		{6DAA7EEA-32A3-40B2-B2E9-03B9F5A9F857}.AppStore|iPhone.Build.0 = Release|Any CPU
		{6DAA7EEA-32A3-40B2-B2E9-03B9F5A9F857}.AppStore|iPhoneSimulator.ActiveCfg = Release|Any CPU
		{6DAA7EEA-32A3-40B2-B2E9-03B9F5A9F857}.AppStore|iPhoneSimulator.Build.0 = Release|Any CPU
		{6DAA7EEA-32A3-40B2-B2E9-03B9F5A9F857}.Debug|Any CPU.ActiveCfg = Debug|Any CPU
		{6DAA7EEA-32A3-40B2-B2E9-03B9F5A9F857}.Debug|Any CPU.Build.0 = Debug|Any CPU
		{6DAA7EEA-32A3-40B2-B2E9-03B9F5A9F857}.Debug|iPhone.ActiveCfg = Debug|Any CPU
		{6DAA7EEA-32A3-40B2-B2E9-03B9F5A9F857}.Debug|iPhone.Build.0 = Debug|Any CPU
		{6DAA7EEA-32A3-40B2-B2E9-03B9F5A9F857}.Debug|iPhoneSimulator.ActiveCfg = Debug|Any CPU
		{6DAA7EEA-32A3-40B2-B2E9-03B9F5A9F857}.Debug|iPhoneSimulator.Build.0 = Debug|Any CPU
		{6DAA7EEA-32A3-40B2-B2E9-03B9F5A9F857}.Release|Any CPU.ActiveCfg = Release|Any CPU
		{6DAA7EEA-32A3-40B2-B2E9-03B9F5A9F857}.Release|Any CPU.Build.0 = Release|Any CPU
		{6DAA7EEA-32A3-40B2-B2E9-03B9F5A9F857}.Release|iPhone.ActiveCfg = Release|Any CPU
		{6DAA7EEA-32A3-40B2-B2E9-03B9F5A9F857}.Release|iPhone.Build.0 = Release|Any CPU
		{6DAA7EEA-32A3-40B2-B2E9-03B9F5A9F857}.Release|iPhoneSimulator.ActiveCfg = Release|Any CPU
		{6DAA7EEA-32A3-40B2-B2E9-03B9F5A9F857}.Release|iPhoneSimulator.Build.0 = Release|Any CPU
	EndGlobalSection
	GlobalSection(SolutionProperties) = preSolution
		HideSolutionNode = FALSE
	EndGlobalSection
EndGlobal
